
Microsoft Visual Studio Solution File, Format Version 12.00
# Visual Studio Version 17
VisualStudioVersion = 17.9.34723.18
MinimumVisualStudioVersion = 10.0.40219.1
Project("{FAE04EC0-301F-11D3-BF4B-00C04F79EFBC}") = "RegisterPage", "RegisterPage\RegisterPage.csproj", "{191ABF41-30A3-4430-B691-9E48F38BF9BE}"
EndProject
Global
	GlobalSection(SolutionConfigurationPlatforms) = preSolution
		Debug|Any CPU = Debug|Any CPU
		Release|Any CPU = Release|Any CPU
	EndGlobalSection
	GlobalSection(ProjectConfigurationPlatforms) = postSolution
		{191ABF41-30A3-4430-B691-9E48F38BF9BE}.Debug|Any CPU.ActiveCfg = Debug|Any CPU
		{191ABF41-30A3-4430-B691-9E48F38BF9BE}.Debug|Any CPU.Build.0 = Debug|Any CPU
		{191ABF41-30A3-4430-B691-9E48F38BF9BE}.Release|Any CPU.ActiveCfg = Release|Any CPU
		{191ABF41-30A3-4430-B691-9E48F38BF9BE}.Release|Any CPU.Build.0 = Release|Any CPU
	EndGlobalSection
	GlobalSection(SolutionProperties) = preSolution
		HideSolutionNode = FALSE
	EndGlobalSection
	GlobalSection(ExtensibilityGlobals) = postSolution
		SolutionGuid = {246AFC6C-4749-4D7F-B2A8-EAA599235C73}
	EndGlobalSection
EndGlobal
